<?xml version="1.0" encoding="utf-8"?>
<Project ToolsVersion="4.0" xmlns="http://schemas.microsoft.com/developer/msbuild/2003">
  <ItemGroup>
    <ClCompile Include="App.cpp" />
    <ClCompile Include="Enemy.cpp" />
    <ClCompile Include="main.cpp" />
    <ClCompile Include="wsuPlayer.cpp" />
    <ClCompile Include="Projectile.cpp" />
  </ItemGroup>
  <ItemGroup>
    <ClInclude Include="App.hpp" />
    <ClInclude Include="Enemy.hpp" />
    <ClInclude Include="header.hpp" />
    <ClInclude Include="wsuPlayer.hpp" />
    <ClInclude Include="Projectile.hpp" />
    <ClInclude Include="Background.hpp" />
  </ItemGroup>
  <ItemGroup>
    <Image Include="WSU_Logo.png" />
  </ItemGroup>
</Project>